
Microsoft Visual Studio Solution File, Format Version 12.00
# Visual Studio Version 17
VisualStudioVersion = 17.9.34723.18
MinimumVisualStudioVersion = 10.0.40219.1
Project("{9A19103F-16F7-4668-BE54-9A1E7A4F7556}") = "DerivativeVisualizerModel", "DerivativeVisualizerModel\DerivativeVisualizerModel.csproj", "{72ADBBAD-E899-4E3E-85CD-16FB4108FF8B}"
EndProject
Project("{9A19103F-16F7-4668-BE54-9A1E7A4F7556}") = "DerivateVisualizerModelTest", "DerivateVisualizerModelTest\DerivateVisualizerModelTest.csproj", "{06EF8ABE-2F1E-4A54-9C9C-2987E2C94885}"
EndProject
Project("{9A19103F-16F7-4668-BE54-9A1E7A4F7556}") = "DerivativeVisualizerGUI", "DerivativeVisualizerGUI\DerivativeVisualizerGUI.csproj", "{816AF293-5EDD-44D2-9AF0-DCAF066CD1F1}"
EndProject
Global
	GlobalSection(SolutionConfigurationPlatforms) = preSolution
		Debug|Any CPU = Debug|Any CPU
		Release|Any CPU = Release|Any CPU
	EndGlobalSection
	GlobalSection(ProjectConfigurationPlatforms) = postSolution
		{72ADBBAD-E899-4E3E-85CD-16FB4108FF8B}.Debug|Any CPU.ActiveCfg = Debug|Any CPU
		{72ADBBAD-E899-4E3E-85CD-16FB4108FF8B}.Debug|Any CPU.Build.0 = Debug|Any CPU
		{72ADBBAD-E899-4E3E-85CD-16FB4108FF8B}.Release|Any CPU.ActiveCfg = Release|Any CPU
		{72ADBBAD-E899-4E3E-85CD-16FB4108FF8B}.Release|Any CPU.Build.0 = Release|Any CPU
		{06EF8ABE-2F1E-4A54-9C9C-2987E2C94885}.Debug|Any CPU.ActiveCfg = Debug|Any CPU
		{06EF8ABE-2F1E-4A54-9C9C-2987E2C94885}.Debug|Any CPU.Build.0 = Debug|Any CPU
		{06EF8ABE-2F1E-4A54-9C9C-2987E2C94885}.Release|Any CPU.ActiveCfg = Release|Any CPU
		{06EF8ABE-2F1E-4A54-9C9C-2987E2C94885}.Release|Any CPU.Build.0 = Release|Any CPU
		{816AF293-5EDD-44D2-9AF0-DCAF066CD1F1}.Debug|Any CPU.ActiveCfg = Debug|Any CPU
		{816AF293-5EDD-44D2-9AF0-DCAF066CD1F1}.Debug|Any CPU.Build.0 = Debug|Any CPU
		{816AF293-5EDD-44D2-9AF0-DCAF066CD1F1}.Release|Any CPU.ActiveCfg = Release|Any CPU
		{816AF293-5EDD-44D2-9AF0-DCAF066CD1F1}.Release|Any CPU.Build.0 = Release|Any CPU
	EndGlobalSection
	GlobalSection(SolutionProperties) = preSolution
		HideSolutionNode = FALSE
	EndGlobalSection
	GlobalSection(ExtensibilityGlobals) = postSolution
		SolutionGuid = {6E87BC08-5BD5-4F3A-9C4B-DF0873447E66}
	EndGlobalSection
EndGlobal
