
Microsoft Visual Studio Solution File, Format Version 12.00
# Visual Studio Version 17
VisualStudioVersion = 17.9.34723.18
MinimumVisualStudioVersion = 10.0.40219.1
Project("{FAE04EC0-301F-11D3-BF4B-00C04F79EFBC}") = "DerivativeVisualizer", "DerivativeVisualizer\DerivativeVisualizer.csproj", "{F36CF27F-4AD4-43B7-906B-87F8722CE5B0}"
EndProject
Project("{FAE04EC0-301F-11D3-BF4B-00C04F79EFBC}") = "DerivativeVisualizerModel", "DerivativeVisualizerModel\DerivativeVisualizerModel.csproj", "{72ADBBAD-E899-4E3E-85CD-16FB4108FF8B}"
EndProject
Global
	GlobalSection(SolutionConfigurationPlatforms) = preSolution
		Debug|Any CPU = Debug|Any CPU
		Release|Any CPU = Release|Any CPU
	EndGlobalSection
	GlobalSection(ProjectConfigurationPlatforms) = postSolution
		{F36CF27F-4AD4-43B7-906B-87F8722CE5B0}.Debug|Any CPU.ActiveCfg = Debug|Any CPU
		{F36CF27F-4AD4-43B7-906B-87F8722CE5B0}.Debug|Any CPU.Build.0 = Debug|Any CPU
		{F36CF27F-4AD4-43B7-906B-87F8722CE5B0}.Release|Any CPU.ActiveCfg = Release|Any CPU
		{F36CF27F-4AD4-43B7-906B-87F8722CE5B0}.Release|Any CPU.Build.0 = Release|Any CPU
		{72ADBBAD-E899-4E3E-85CD-16FB4108FF8B}.Debug|Any CPU.ActiveCfg = Debug|Any CPU
		{72ADBBAD-E899-4E3E-85CD-16FB4108FF8B}.Debug|Any CPU.Build.0 = Debug|Any CPU
		{72ADBBAD-E899-4E3E-85CD-16FB4108FF8B}.Release|Any CPU.ActiveCfg = Release|Any CPU
		{72ADBBAD-E899-4E3E-85CD-16FB4108FF8B}.Release|Any CPU.Build.0 = Release|Any CPU
	EndGlobalSection
	GlobalSection(SolutionProperties) = preSolution
		HideSolutionNode = FALSE
	EndGlobalSection
	GlobalSection(ExtensibilityGlobals) = postSolution
		SolutionGuid = {6E87BC08-5BD5-4F3A-9C4B-DF0873447E66}
	EndGlobalSection
EndGlobal
